{
  "name": "code",
  "lockfileVersion": 3,
  "requires": true,
  "packages": {
    "client": {
      "name": "cyclehub-client",
      "version": "1.0.0",
      "extraneous": true,
      "dependencies": {
        "@react-native-async-storage/async-storage": "1.23.1",
        "@react-navigation/bottom-tabs": "^6.5.20",
        "@react-navigation/native": "^6.1.18",
        "axios": "^1.7.2",
        "expo": "~52.0.0",
        "expo-constants": "~17.0.0",
        "expo-image": "~2.0.0",
        "expo-router": "~4.0.0",
        "expo-status-bar": "~2.0.0",
        "nativewind": "^4.0.0",
        "react": "18.3.1",
        "react-native": "0.76.5",
        "react-native-gesture-handler": "~2.20.2",
        "react-native-reanimated": "~3.16.1",
        "react-native-safe-area-context": "4.12.0",
        "react-native-screens": "~4.4.0",
        "tailwindcss": "^3.4.0",
        "zustand": "^4.5.2"
      },
      "devDependencies": {
        "@babel/core": "^7.24.0",
        "@types/react": "~18.3.3",
        "typescript": "~5.3.3"
      }
    },
    "server": {
      "name": "cyclehub-server",
      "version": "1.0.0",
      "extraneous": true,
      "dependencies": {
        "cors": "^2.8.5",
        "express": "^4.18.2",
        "express-validator": "^7.0.1",
        "jsonwebtoken": "^9.0.2",
        "morgan": "^1.10.0",
        "uuid": "^9.0.0"
      },
      "devDependencies": {
        "@types/cors": "^2.8.17",
        "@types/express": "^4.17.21",
        "@types/jsonwebtoken": "^9.0.5",
        "@types/morgan": "^1.9.9",
        "@types/node": "^20.11.0",
        "@types/uuid": "^9.0.7",
        "tsx": "^4.7.0",
        "typescript": "^5.3.3"
      }
    }
  }
}
